
Microsoft Visual Studio Solution File, Format Version 12.00
# Visual Studio Version 17
VisualStudioVersion = 17.10.35027.167
MinimumVisualStudioVersion = 10.0.40219.1
Project("{9A19103F-16F7-4668-BE54-9A1E7A4F7556}") = "KNX Virtual Integrator", "KNX Virtual Integrator\KNX Virtual Integrator.csproj", "{942F336A-8950-409D-BB8F-451D406C3A8E}"
EndProject
Project("{FAE04EC0-301F-11D3-BF4B-00C04F79EFBC}") = "TestProject_KNXVirtualIntegrator_L", "..\TestProject_KNXVirtualIntegrator_L\TestProject_KNXVirtualIntegrator_L.csproj", "{EB3101EB-4B3C-4835-BE24-3F88598AB220}"
EndProject
Global
	GlobalSection(SolutionConfigurationPlatforms) = preSolution
		Debug|Any CPU = Debug|Any CPU
		Release|Any CPU = Release|Any CPU
	EndGlobalSection
	GlobalSection(ProjectConfigurationPlatforms) = postSolution
		{942F336A-8950-409D-BB8F-451D406C3A8E}.Debug|Any CPU.ActiveCfg = Debug|Any CPU
		{942F336A-8950-409D-BB8F-451D406C3A8E}.Debug|Any CPU.Build.0 = Debug|Any CPU
		{942F336A-8950-409D-BB8F-451D406C3A8E}.Release|Any CPU.ActiveCfg = Release|Any CPU
		{942F336A-8950-409D-BB8F-451D406C3A8E}.Release|Any CPU.Build.0 = Release|Any CPU
		{EB3101EB-4B3C-4835-BE24-3F88598AB220}.Debug|Any CPU.ActiveCfg = Debug|Any CPU
		{EB3101EB-4B3C-4835-BE24-3F88598AB220}.Debug|Any CPU.Build.0 = Debug|Any CPU
		{EB3101EB-4B3C-4835-BE24-3F88598AB220}.Release|Any CPU.ActiveCfg = Release|Any CPU
		{EB3101EB-4B3C-4835-BE24-3F88598AB220}.Release|Any CPU.Build.0 = Release|Any CPU
	EndGlobalSection
	GlobalSection(SolutionProperties) = preSolution
		HideSolutionNode = FALSE
	EndGlobalSection
	GlobalSection(ExtensibilityGlobals) = postSolution
		SolutionGuid = {76A2499C-D4AA-4950-A95F-9395F976A753}
	EndGlobalSection
EndGlobal
